
Microsoft Visual Studio Solution File, Format Version 12.00
# Visual Studio Version 17
VisualStudioVersion = 17.8.34525.116
MinimumVisualStudioVersion = 10.0.40219.1
Project("{8BC9CEB8-8B4A-11D0-8D11-00A0C91BC942}") = "20241113", "20241113.vcxproj", "{3CD57172-124E-4A9A-B51D-4F7D205C3E1E}"
EndProject
Global
	GlobalSection(SolutionConfigurationPlatforms) = preSolution
		Debug|x64 = Debug|x64
		Debug|x86 = Debug|x86
		Release|x64 = Release|x64
		Release|x86 = Release|x86
	EndGlobalSection
	GlobalSection(ProjectConfigurationPlatforms) = postSolution
		{3CD57172-124E-4A9A-B51D-4F7D205C3E1E}.Debug|x64.ActiveCfg = Debug|x64
		{3CD57172-124E-4A9A-B51D-4F7D205C3E1E}.Debug|x64.Build.0 = Debug|x64
		{3CD57172-124E-4A9A-B51D-4F7D205C3E1E}.Debug|x86.ActiveCfg = Debug|Win32
		{3CD57172-124E-4A9A-B51D-4F7D205C3E1E}.Debug|x86.Build.0 = Debug|Win32
		{3CD57172-124E-4A9A-B51D-4F7D205C3E1E}.Release|x64.ActiveCfg = Release|x64
		{3CD57172-124E-4A9A-B51D-4F7D205C3E1E}.Release|x64.Build.0 = Release|x64
		{3CD57172-124E-4A9A-B51D-4F7D205C3E1E}.Release|x86.ActiveCfg = Release|Win32
		{3CD57172-124E-4A9A-B51D-4F7D205C3E1E}.Release|x86.Build.0 = Release|Win32
	EndGlobalSection
	GlobalSection(SolutionProperties) = preSolution
		HideSolutionNode = FALSE
	EndGlobalSection
	GlobalSection(ExtensibilityGlobals) = postSolution
		SolutionGuid = {6A39280F-0B7A-47EC-BA18-3EC4C3EEA4C1}
	EndGlobalSection
EndGlobal
